
Microsoft Visual Studio Solution File, Format Version 12.00
# Visual Studio Version 17
VisualStudioVersion = 17.7.34031.279
MinimumVisualStudioVersion = 10.0.40219.1
Project("{9A19103F-16F7-4668-BE54-9A1E7A4F7556}") = "BasketManagement.Domain", "src\BasketManagement.Domain\BasketManagement.Domain.csproj", "{A1B2C3D4-E5F6-7890-AB12-CD34EF567890}"
EndProject
Project("{9A19103F-16F7-4668-BE54-9A1E7A4F7556}") = "BasketManagement.Application", "src\BasketManagement.Application\BasketManagement.Application.csproj", "{B2C3D4E5-F678-9012-BC34-DE56F78901AB}"
EndProject
Project("{9A19103F-16F7-4668-BE54-9A1E7A4F7556}") = "BasketManagement.Infrastructure", "src\BasketManagement.Infrastructure\BasketManagement.Infrastructure.csproj", "{C3D4E5F6-7890-1234-CD56-EF78A90B12CD}"
EndProject
Project("{9A19103F-16F7-4668-BE54-9A1E7A4F7556}") = "BasketManagement.API", "src\BasketManagement.API\BasketManagement.API.csproj", "{D4E5F678-9012-3456-DE78-F90A1B2C34DE}"
EndProject
Project("{FAE04EC0-301F-11D3-BF4B-00C04F79EFBC}") = "BasketManagement.Tests", "tests\BasketManagement.Tests\BasketManagement.Tests.csproj", "{9647F9A1-D66F-4FD6-2D67-96A2A41F2265}"
EndProject
Global
	GlobalSection(SolutionConfigurationPlatforms) = preSolution
		Debug|Any CPU = Debug|Any CPU
		Release|Any CPU = Release|Any CPU
	EndGlobalSection
	GlobalSection(ProjectConfigurationPlatforms) = postSolution
		{A1B2C3D4-E5F6-7890-AB12-CD34EF567890}.Debug|Any CPU.ActiveCfg = Debug|Any CPU
		{A1B2C3D4-E5F6-7890-AB12-CD34EF567890}.Debug|Any CPU.Build.0 = Debug|Any CPU
		{A1B2C3D4-E5F6-7890-AB12-CD34EF567890}.Release|Any CPU.ActiveCfg = Release|Any CPU
		{A1B2C3D4-E5F6-7890-AB12-CD34EF567890}.Release|Any CPU.Build.0 = Release|Any CPU
		{B2C3D4E5-F678-9012-BC34-DE56F78901AB}.Debug|Any CPU.ActiveCfg = Debug|Any CPU
		{B2C3D4E5-F678-9012-BC34-DE56F78901AB}.Debug|Any CPU.Build.0 = Debug|Any CPU
		{B2C3D4E5-F678-9012-BC34-DE56F78901AB}.Release|Any CPU.ActiveCfg = Release|Any CPU
		{B2C3D4E5-F678-9012-BC34-DE56F78901AB}.Release|Any CPU.Build.0 = Release|Any CPU
		{C3D4E5F6-7890-1234-CD56-EF78A90B12CD}.Debug|Any CPU.ActiveCfg = Debug|Any CPU
		{C3D4E5F6-7890-1234-CD56-EF78A90B12CD}.Debug|Any CPU.Build.0 = Debug|Any CPU
		{C3D4E5F6-7890-1234-CD56-EF78A90B12CD}.Release|Any CPU.ActiveCfg = Release|Any CPU
		{C3D4E5F6-7890-1234-CD56-EF78A90B12CD}.Release|Any CPU.Build.0 = Release|Any CPU
		{D4E5F678-9012-3456-DE78-F90A1B2C34DE}.Debug|Any CPU.ActiveCfg = Debug|Any CPU
		{D4E5F678-9012-3456-DE78-F90A1B2C34DE}.Debug|Any CPU.Build.0 = Debug|Any CPU
		{D4E5F678-9012-3456-DE78-F90A1B2C34DE}.Release|Any CPU.ActiveCfg = Release|Any CPU
		{D4E5F678-9012-3456-DE78-F90A1B2C34DE}.Release|Any CPU.Build.0 = Release|Any CPU
		{9647F9A1-D66F-4FD6-2D67-96A2A41F2265}.Debug|Any CPU.ActiveCfg = Debug|Any CPU
		{9647F9A1-D66F-4FD6-2D67-96A2A41F2265}.Debug|Any CPU.Build.0 = Debug|Any CPU
		{9647F9A1-D66F-4FD6-2D67-96A2A41F2265}.Release|Any CPU.ActiveCfg = Release|Any CPU
		{9647F9A1-D66F-4FD6-2D67-96A2A41F2265}.Release|Any CPU.Build.0 = Release|Any CPU
	EndGlobalSection
	GlobalSection(SolutionProperties) = preSolution
		HideSolutionNode = FALSE
	EndGlobalSection
	GlobalSection(ExtensibilityGlobals) = postSolution
		SolutionGuid = {483B0286-10A2-4B2F-AB55-880837299C13}
	EndGlobalSection
EndGlobal
